
Microsoft Visual Studio Solution File, Format Version 12.00
# Visual Studio 14
VisualStudioVersion = 14.0.25420.1
MinimumVisualStudioVersion = 10.0.40219.1
Project("{A07B5EB6-E848-4116-A8D0-A826331D98C6}") = "GoodVibesSurfing", "GoodVibesSurfing\GoodVibesSurfing.sfproj", "{2C5B3DC3-0888-4FC5-A2B1-40048EE9E998}"
EndProject
Project("{FAE04EC0-301F-11D3-BF4B-00C04F79EFBC}") = "GetSnowConditions", "GetSnowConditions\GetSnowConditions.csproj", "{CCACB8F2-7729-4D39-82D8-DF30F4FF2ECC}"
EndProject
Project("{8BB2217D-0F2D-49D1-97BC-3654ED321F3B}") = "CloudUtilityPatterns", "CloudUtilityPatterns\CloudUtilityPatterns.xproj", "{7A39921F-0EA0-4E31-B7F7-B6105DFF6E36}"
EndProject
Project("{8BB2217D-0F2D-49D1-97BC-3654ED321F3B}") = "GoodVibesWebService", "GoodVibesWebService\GoodVibesWebService.xproj", "{85E11AB1-CB61-4EBC-9CC9-4F5E7B09E47E}"
EndProject
Project("{FAE04EC0-301F-11D3-BF4B-00C04F79EFBC}") = "GetSnowConditions.Interfaces", "GetSnowConditions.Interfaces\GetSnowConditions.Interfaces.csproj", "{CBD76214-8141-4540-A064-E22BEA9C5E57}"
EndProject
Project("{FAE04EC0-301F-11D3-BF4B-00C04F79EFBC}") = "CloudUtilities", "CloudUtilities\CloudUtilities.csproj", "{B0747E3E-416B-46DE-BB37-38831561F0FC}"
EndProject
Project("{FAE04EC0-301F-11D3-BF4B-00C04F79EFBC}") = "ValetAccessManager", "ValetAccessManager\ValetAccessManager.csproj", "{05B6A41A-D505-42EC-9F92-6C0388C4FD8A}"
EndProject
Project("{FAE04EC0-301F-11D3-BF4B-00C04F79EFBC}") = "ValetAccessManager.Interfaces", "ValetAccessManager.Interfaces\ValetAccessManager.Interfaces.csproj", "{6FE83804-7B1B-4B2F-B94C-47647C6AF1F7}"
EndProject
Project("{FAE04EC0-301F-11D3-BF4B-00C04F79EFBC}") = "SnurfReportService", "SnurfReportService\SnurfReportService.csproj", "{486A7924-36E3-4A22-B948-AC69EC6E2B5C}"
EndProject
Project("{FAE04EC0-301F-11D3-BF4B-00C04F79EFBC}") = "SnurfReportService.Interfaces", "SnurfReportService.Interfaces\SnurfReportService.Interfaces.csproj", "{0BE68BF6-7DA5-4122-A665-61B9E7513FB6}"
EndProject
Project("{FAE04EC0-301F-11D3-BF4B-00C04F79EFBC}") = "ValidationService", "ValidationService\ValidationService.csproj", "{A627BA7F-9C15-4F89-9963-83B32FD6C200}"
EndProject
Project("{FAE04EC0-301F-11D3-BF4B-00C04F79EFBC}") = "ValidationService.Interfaces", "ValidationService.Interfaces\ValidationService.Interfaces.csproj", "{15D1B8BC-8595-4B04-BD0E-240B192FADCD}"
EndProject
Project("{FAE04EC0-301F-11D3-BF4B-00C04F79EFBC}") = "ValidationService.Tests", "ValidationService.Tests\ValidationService.Tests.csproj", "{7EA8153E-D41A-4562-9FF4-0EB2E964AE6C}"
EndProject
Project("{FAE04EC0-301F-11D3-BF4B-00C04F79EFBC}") = "ExpressionSerialization", "ExpressionSerialization\ExpressionSerialization.csproj", "{01ABE4DB-4ABE-4B0E-878B-B42A8C9B6560}"
EndProject
Global
	GlobalSection(SolutionConfigurationPlatforms) = preSolution
		Debug|Any CPU = Debug|Any CPU
		Debug|ARM = Debug|ARM
		Debug|x64 = Debug|x64
		Debug|x86 = Debug|x86
		Release|Any CPU = Release|Any CPU
		Release|ARM = Release|ARM
		Release|x64 = Release|x64
		Release|x86 = Release|x86
	EndGlobalSection
	GlobalSection(ProjectConfigurationPlatforms) = postSolution
		{2C5B3DC3-0888-4FC5-A2B1-40048EE9E998}.Debug|Any CPU.ActiveCfg = Debug|x64
		{2C5B3DC3-0888-4FC5-A2B1-40048EE9E998}.Debug|Any CPU.Build.0 = Debug|x64
		{2C5B3DC3-0888-4FC5-A2B1-40048EE9E998}.Debug|ARM.ActiveCfg = Debug|x64
		{2C5B3DC3-0888-4FC5-A2B1-40048EE9E998}.Debug|x64.ActiveCfg = Debug|x64
		{2C5B3DC3-0888-4FC5-A2B1-40048EE9E998}.Debug|x64.Build.0 = Debug|x64
		{2C5B3DC3-0888-4FC5-A2B1-40048EE9E998}.Debug|x64.Deploy.0 = Debug|x64
		{2C5B3DC3-0888-4FC5-A2B1-40048EE9E998}.Debug|x86.ActiveCfg = Debug|x64
		{2C5B3DC3-0888-4FC5-A2B1-40048EE9E998}.Release|Any CPU.ActiveCfg = Release|x64
		{2C5B3DC3-0888-4FC5-A2B1-40048EE9E998}.Release|ARM.ActiveCfg = Release|x64
		{2C5B3DC3-0888-4FC5-A2B1-40048EE9E998}.Release|x64.ActiveCfg = Release|x64
		{2C5B3DC3-0888-4FC5-A2B1-40048EE9E998}.Release|x64.Build.0 = Release|x64
		{2C5B3DC3-0888-4FC5-A2B1-40048EE9E998}.Release|x64.Deploy.0 = Release|x64
		{2C5B3DC3-0888-4FC5-A2B1-40048EE9E998}.Release|x86.ActiveCfg = Release|x64
		{CCACB8F2-7729-4D39-82D8-DF30F4FF2ECC}.Debug|Any CPU.ActiveCfg = Debug|x64
		{CCACB8F2-7729-4D39-82D8-DF30F4FF2ECC}.Debug|Any CPU.Build.0 = Debug|x64
		{CCACB8F2-7729-4D39-82D8-DF30F4FF2ECC}.Debug|ARM.ActiveCfg = Debug|x64
		{CCACB8F2-7729-4D39-82D8-DF30F4FF2ECC}.Debug|x64.ActiveCfg = Debug|x64
		{CCACB8F2-7729-4D39-82D8-DF30F4FF2ECC}.Debug|x64.Build.0 = Debug|x64
		{CCACB8F2-7729-4D39-82D8-DF30F4FF2ECC}.Debug|x86.ActiveCfg = Debug|x64
		{CCACB8F2-7729-4D39-82D8-DF30F4FF2ECC}.Release|Any CPU.ActiveCfg = Release|x64
		{CCACB8F2-7729-4D39-82D8-DF30F4FF2ECC}.Release|ARM.ActiveCfg = Release|x64
		{CCACB8F2-7729-4D39-82D8-DF30F4FF2ECC}.Release|x64.ActiveCfg = Release|x64
		{CCACB8F2-7729-4D39-82D8-DF30F4FF2ECC}.Release|x64.Build.0 = Release|x64
		{CCACB8F2-7729-4D39-82D8-DF30F4FF2ECC}.Release|x86.ActiveCfg = Release|x64
		{7A39921F-0EA0-4E31-B7F7-B6105DFF6E36}.Debug|Any CPU.ActiveCfg = Debug|Any CPU
		{7A39921F-0EA0-4E31-B7F7-B6105DFF6E36}.Debug|Any CPU.Build.0 = Debug|Any CPU
		{7A39921F-0EA0-4E31-B7F7-B6105DFF6E36}.Debug|ARM.ActiveCfg = Debug|Any CPU
		{7A39921F-0EA0-4E31-B7F7-B6105DFF6E36}.Debug|ARM.Build.0 = Debug|Any CPU
		{7A39921F-0EA0-4E31-B7F7-B6105DFF6E36}.Debug|x64.ActiveCfg = Debug|Any CPU
		{7A39921F-0EA0-4E31-B7F7-B6105DFF6E36}.Debug|x64.Build.0 = Debug|Any CPU
		{7A39921F-0EA0-4E31-B7F7-B6105DFF6E36}.Debug|x86.ActiveCfg = Debug|Any CPU
		{7A39921F-0EA0-4E31-B7F7-B6105DFF6E36}.Debug|x86.Build.0 = Debug|Any CPU
		{7A39921F-0EA0-4E31-B7F7-B6105DFF6E36}.Release|Any CPU.ActiveCfg = Release|Any CPU
		{7A39921F-0EA0-4E31-B7F7-B6105DFF6E36}.Release|Any CPU.Build.0 = Release|Any CPU
		{7A39921F-0EA0-4E31-B7F7-B6105DFF6E36}.Release|ARM.ActiveCfg = Release|Any CPU
		{7A39921F-0EA0-4E31-B7F7-B6105DFF6E36}.Release|ARM.Build.0 = Release|Any CPU
		{7A39921F-0EA0-4E31-B7F7-B6105DFF6E36}.Release|x64.ActiveCfg = Release|Any CPU
		{7A39921F-0EA0-4E31-B7F7-B6105DFF6E36}.Release|x64.Build.0 = Release|Any CPU
		{7A39921F-0EA0-4E31-B7F7-B6105DFF6E36}.Release|x86.ActiveCfg = Release|Any CPU
		{7A39921F-0EA0-4E31-B7F7-B6105DFF6E36}.Release|x86.Build.0 = Release|Any CPU
		{85E11AB1-CB61-4EBC-9CC9-4F5E7B09E47E}.Debug|Any CPU.ActiveCfg = Debug|Any CPU
		{85E11AB1-CB61-4EBC-9CC9-4F5E7B09E47E}.Debug|Any CPU.Build.0 = Debug|Any CPU
		{85E11AB1-CB61-4EBC-9CC9-4F5E7B09E47E}.Debug|ARM.ActiveCfg = Debug|Any CPU
		{85E11AB1-CB61-4EBC-9CC9-4F5E7B09E47E}.Debug|ARM.Build.0 = Debug|Any CPU
		{85E11AB1-CB61-4EBC-9CC9-4F5E7B09E47E}.Debug|x64.ActiveCfg = Debug|Any CPU
		{85E11AB1-CB61-4EBC-9CC9-4F5E7B09E47E}.Debug|x64.Build.0 = Debug|Any CPU
		{85E11AB1-CB61-4EBC-9CC9-4F5E7B09E47E}.Debug|x86.ActiveCfg = Debug|Any CPU
		{85E11AB1-CB61-4EBC-9CC9-4F5E7B09E47E}.Debug|x86.Build.0 = Debug|Any CPU
		{85E11AB1-CB61-4EBC-9CC9-4F5E7B09E47E}.Release|Any CPU.ActiveCfg = Release|Any CPU
		{85E11AB1-CB61-4EBC-9CC9-4F5E7B09E47E}.Release|Any CPU.Build.0 = Release|Any CPU
		{85E11AB1-CB61-4EBC-9CC9-4F5E7B09E47E}.Release|ARM.ActiveCfg = Release|Any CPU
		{85E11AB1-CB61-4EBC-9CC9-4F5E7B09E47E}.Release|ARM.Build.0 = Release|Any CPU
		{85E11AB1-CB61-4EBC-9CC9-4F5E7B09E47E}.Release|x64.ActiveCfg = Release|Any CPU
		{85E11AB1-CB61-4EBC-9CC9-4F5E7B09E47E}.Release|x64.Build.0 = Release|Any CPU
		{85E11AB1-CB61-4EBC-9CC9-4F5E7B09E47E}.Release|x86.ActiveCfg = Release|Any CPU
		{85E11AB1-CB61-4EBC-9CC9-4F5E7B09E47E}.Release|x86.Build.0 = Release|Any CPU
		{CBD76214-8141-4540-A064-E22BEA9C5E57}.Debug|Any CPU.ActiveCfg = Debug|x64
		{CBD76214-8141-4540-A064-E22BEA9C5E57}.Debug|Any CPU.Build.0 = Debug|x64
		{CBD76214-8141-4540-A064-E22BEA9C5E57}.Debug|ARM.ActiveCfg = Debug|Any CPU
		{CBD76214-8141-4540-A064-E22BEA9C5E57}.Debug|ARM.Build.0 = Debug|Any CPU
		{CBD76214-8141-4540-A064-E22BEA9C5E57}.Debug|x64.ActiveCfg = Debug|x64
		{CBD76214-8141-4540-A064-E22BEA9C5E57}.Debug|x64.Build.0 = Debug|x64
		{CBD76214-8141-4540-A064-E22BEA9C5E57}.Debug|x86.ActiveCfg = Debug|Any CPU
		{CBD76214-8141-4540-A064-E22BEA9C5E57}.Debug|x86.Build.0 = Debug|Any CPU
		{CBD76214-8141-4540-A064-E22BEA9C5E57}.Release|Any CPU.ActiveCfg = Release|x64
		{CBD76214-8141-4540-A064-E22BEA9C5E57}.Release|ARM.ActiveCfg = Release|Any CPU
		{CBD76214-8141-4540-A064-E22BEA9C5E57}.Release|ARM.Build.0 = Release|Any CPU
		{CBD76214-8141-4540-A064-E22BEA9C5E57}.Release|x64.ActiveCfg = Release|x64
		{CBD76214-8141-4540-A064-E22BEA9C5E57}.Release|x64.Build.0 = Release|x64
		{CBD76214-8141-4540-A064-E22BEA9C5E57}.Release|x86.ActiveCfg = Release|Any CPU
		{CBD76214-8141-4540-A064-E22BEA9C5E57}.Release|x86.Build.0 = Release|Any CPU
		{B0747E3E-416B-46DE-BB37-38831561F0FC}.Debug|Any CPU.ActiveCfg = Debug|Any CPU
		{B0747E3E-416B-46DE-BB37-38831561F0FC}.Debug|Any CPU.Build.0 = Debug|Any CPU
		{B0747E3E-416B-46DE-BB37-38831561F0FC}.Debug|ARM.ActiveCfg = Debug|Any CPU
		{B0747E3E-416B-46DE-BB37-38831561F0FC}.Debug|ARM.Build.0 = Debug|Any CPU
		{B0747E3E-416B-46DE-BB37-38831561F0FC}.Debug|x64.ActiveCfg = Debug|x64
		{B0747E3E-416B-46DE-BB37-38831561F0FC}.Debug|x64.Build.0 = Debug|x64
		{B0747E3E-416B-46DE-BB37-38831561F0FC}.Debug|x86.ActiveCfg = Debug|Any CPU
		{B0747E3E-416B-46DE-BB37-38831561F0FC}.Debug|x86.Build.0 = Debug|Any CPU
		{B0747E3E-416B-46DE-BB37-38831561F0FC}.Release|Any CPU.ActiveCfg = Release|Any CPU
		{B0747E3E-416B-46DE-BB37-38831561F0FC}.Release|Any CPU.Build.0 = Release|Any CPU
		{B0747E3E-416B-46DE-BB37-38831561F0FC}.Release|ARM.ActiveCfg = Release|Any CPU
		{B0747E3E-416B-46DE-BB37-38831561F0FC}.Release|ARM.Build.0 = Release|Any CPU
		{B0747E3E-416B-46DE-BB37-38831561F0FC}.Release|x64.ActiveCfg = Release|Any CPU
		{B0747E3E-416B-46DE-BB37-38831561F0FC}.Release|x64.Build.0 = Release|Any CPU
		{B0747E3E-416B-46DE-BB37-38831561F0FC}.Release|x86.ActiveCfg = Release|Any CPU
		{B0747E3E-416B-46DE-BB37-38831561F0FC}.Release|x86.Build.0 = Release|Any CPU
		{05B6A41A-D505-42EC-9F92-6C0388C4FD8A}.Debug|Any CPU.ActiveCfg = Debug|x64
		{05B6A41A-D505-42EC-9F92-6C0388C4FD8A}.Debug|ARM.ActiveCfg = Debug|Any CPU
		{05B6A41A-D505-42EC-9F92-6C0388C4FD8A}.Debug|ARM.Build.0 = Debug|Any CPU
		{05B6A41A-D505-42EC-9F92-6C0388C4FD8A}.Debug|x64.ActiveCfg = Debug|x64
		{05B6A41A-D505-42EC-9F92-6C0388C4FD8A}.Debug|x64.Build.0 = Debug|x64
		{05B6A41A-D505-42EC-9F92-6C0388C4FD8A}.Debug|x86.ActiveCfg = Debug|Any CPU
		{05B6A41A-D505-42EC-9F92-6C0388C4FD8A}.Debug|x86.Build.0 = Debug|Any CPU
		{05B6A41A-D505-42EC-9F92-6C0388C4FD8A}.Release|Any CPU.ActiveCfg = Release|x64
		{05B6A41A-D505-42EC-9F92-6C0388C4FD8A}.Release|ARM.ActiveCfg = Release|Any CPU
		{05B6A41A-D505-42EC-9F92-6C0388C4FD8A}.Release|ARM.Build.0 = Release|Any CPU
		{05B6A41A-D505-42EC-9F92-6C0388C4FD8A}.Release|x64.ActiveCfg = Release|x64
		{05B6A41A-D505-42EC-9F92-6C0388C4FD8A}.Release|x64.Build.0 = Release|x64
		{05B6A41A-D505-42EC-9F92-6C0388C4FD8A}.Release|x86.ActiveCfg = Release|Any CPU
		{05B6A41A-D505-42EC-9F92-6C0388C4FD8A}.Release|x86.Build.0 = Release|Any CPU
		{6FE83804-7B1B-4B2F-B94C-47647C6AF1F7}.Debug|Any CPU.ActiveCfg = Debug|Any CPU
		{6FE83804-7B1B-4B2F-B94C-47647C6AF1F7}.Debug|Any CPU.Build.0 = Debug|Any CPU
		{6FE83804-7B1B-4B2F-B94C-47647C6AF1F7}.Debug|ARM.ActiveCfg = Debug|Any CPU
		{6FE83804-7B1B-4B2F-B94C-47647C6AF1F7}.Debug|ARM.Build.0 = Debug|Any CPU
		{6FE83804-7B1B-4B2F-B94C-47647C6AF1F7}.Debug|x64.ActiveCfg = Debug|x64
		{6FE83804-7B1B-4B2F-B94C-47647C6AF1F7}.Debug|x64.Build.0 = Debug|x64
		{6FE83804-7B1B-4B2F-B94C-47647C6AF1F7}.Debug|x86.ActiveCfg = Debug|Any CPU
		{6FE83804-7B1B-4B2F-B94C-47647C6AF1F7}.Debug|x86.Build.0 = Debug|Any CPU
		{6FE83804-7B1B-4B2F-B94C-47647C6AF1F7}.Release|Any CPU.ActiveCfg = Release|Any CPU
		{6FE83804-7B1B-4B2F-B94C-47647C6AF1F7}.Release|Any CPU.Build.0 = Release|Any CPU
		{6FE83804-7B1B-4B2F-B94C-47647C6AF1F7}.Release|ARM.ActiveCfg = Release|Any CPU
		{6FE83804-7B1B-4B2F-B94C-47647C6AF1F7}.Release|ARM.Build.0 = Release|Any CPU
		{6FE83804-7B1B-4B2F-B94C-47647C6AF1F7}.Release|x64.ActiveCfg = Release|Any CPU
		{6FE83804-7B1B-4B2F-B94C-47647C6AF1F7}.Release|x64.Build.0 = Release|Any CPU
		{6FE83804-7B1B-4B2F-B94C-47647C6AF1F7}.Release|x86.ActiveCfg = Release|Any CPU
		{6FE83804-7B1B-4B2F-B94C-47647C6AF1F7}.Release|x86.Build.0 = Release|Any CPU
		{486A7924-36E3-4A22-B948-AC69EC6E2B5C}.Debug|Any CPU.ActiveCfg = Debug|x64
		{486A7924-36E3-4A22-B948-AC69EC6E2B5C}.Debug|ARM.ActiveCfg = Debug|x64
		{486A7924-36E3-4A22-B948-AC69EC6E2B5C}.Debug|x64.ActiveCfg = Debug|x64
		{486A7924-36E3-4A22-B948-AC69EC6E2B5C}.Debug|x64.Build.0 = Debug|x64
		{486A7924-36E3-4A22-B948-AC69EC6E2B5C}.Debug|x86.ActiveCfg = Debug|x64
		{486A7924-36E3-4A22-B948-AC69EC6E2B5C}.Release|Any CPU.ActiveCfg = Release|x64
		{486A7924-36E3-4A22-B948-AC69EC6E2B5C}.Release|ARM.ActiveCfg = Release|x64
		{486A7924-36E3-4A22-B948-AC69EC6E2B5C}.Release|x64.ActiveCfg = Release|x64
		{486A7924-36E3-4A22-B948-AC69EC6E2B5C}.Release|x64.Build.0 = Release|x64
		{486A7924-36E3-4A22-B948-AC69EC6E2B5C}.Release|x86.ActiveCfg = Release|x64
		{0BE68BF6-7DA5-4122-A665-61B9E7513FB6}.Debug|Any CPU.ActiveCfg = Debug|Any CPU
		{0BE68BF6-7DA5-4122-A665-61B9E7513FB6}.Debug|Any CPU.Build.0 = Debug|Any CPU
		{0BE68BF6-7DA5-4122-A665-61B9E7513FB6}.Debug|ARM.ActiveCfg = Debug|Any CPU
		{0BE68BF6-7DA5-4122-A665-61B9E7513FB6}.Debug|ARM.Build.0 = Debug|Any CPU
		{0BE68BF6-7DA5-4122-A665-61B9E7513FB6}.Debug|x64.ActiveCfg = Debug|x64
		{0BE68BF6-7DA5-4122-A665-61B9E7513FB6}.Debug|x64.Build.0 = Debug|x64
		{0BE68BF6-7DA5-4122-A665-61B9E7513FB6}.Debug|x86.ActiveCfg = Debug|Any CPU
		{0BE68BF6-7DA5-4122-A665-61B9E7513FB6}.Debug|x86.Build.0 = Debug|Any CPU
		{0BE68BF6-7DA5-4122-A665-61B9E7513FB6}.Release|Any CPU.ActiveCfg = Release|Any CPU
		{0BE68BF6-7DA5-4122-A665-61B9E7513FB6}.Release|Any CPU.Build.0 = Release|Any CPU
		{0BE68BF6-7DA5-4122-A665-61B9E7513FB6}.Release|ARM.ActiveCfg = Release|Any CPU
		{0BE68BF6-7DA5-4122-A665-61B9E7513FB6}.Release|ARM.Build.0 = Release|Any CPU
		{0BE68BF6-7DA5-4122-A665-61B9E7513FB6}.Release|x64.ActiveCfg = Release|Any CPU
		{0BE68BF6-7DA5-4122-A665-61B9E7513FB6}.Release|x64.Build.0 = Release|Any CPU
		{0BE68BF6-7DA5-4122-A665-61B9E7513FB6}.Release|x86.ActiveCfg = Release|Any CPU
		{0BE68BF6-7DA5-4122-A665-61B9E7513FB6}.Release|x86.Build.0 = Release|Any CPU
		{A627BA7F-9C15-4F89-9963-83B32FD6C200}.Debug|Any CPU.ActiveCfg = Debug|x64
		{A627BA7F-9C15-4F89-9963-83B32FD6C200}.Debug|ARM.ActiveCfg = Debug|x64
		{A627BA7F-9C15-4F89-9963-83B32FD6C200}.Debug|x64.ActiveCfg = Debug|x64
		{A627BA7F-9C15-4F89-9963-83B32FD6C200}.Debug|x64.Build.0 = Debug|x64
		{A627BA7F-9C15-4F89-9963-83B32FD6C200}.Debug|x86.ActiveCfg = Debug|x64
		{A627BA7F-9C15-4F89-9963-83B32FD6C200}.Release|Any CPU.ActiveCfg = Release|x64
		{A627BA7F-9C15-4F89-9963-83B32FD6C200}.Release|ARM.ActiveCfg = Release|x64
		{A627BA7F-9C15-4F89-9963-83B32FD6C200}.Release|x64.ActiveCfg = Release|x64
		{A627BA7F-9C15-4F89-9963-83B32FD6C200}.Release|x64.Build.0 = Release|x64
		{A627BA7F-9C15-4F89-9963-83B32FD6C200}.Release|x86.ActiveCfg = Release|x64
		{15D1B8BC-8595-4B04-BD0E-240B192FADCD}.Debug|Any CPU.ActiveCfg = Debug|Any CPU
		{15D1B8BC-8595-4B04-BD0E-240B192FADCD}.Debug|Any CPU.Build.0 = Debug|Any CPU
		{15D1B8BC-8595-4B04-BD0E-240B192FADCD}.Debug|ARM.ActiveCfg = Debug|Any CPU
		{15D1B8BC-8595-4B04-BD0E-240B192FADCD}.Debug|ARM.Build.0 = Debug|Any CPU
		{15D1B8BC-8595-4B04-BD0E-240B192FADCD}.Debug|x64.ActiveCfg = Debug|x64
		{15D1B8BC-8595-4B04-BD0E-240B192FADCD}.Debug|x64.Build.0 = Debug|x64
		{15D1B8BC-8595-4B04-BD0E-240B192FADCD}.Debug|x86.ActiveCfg = Debug|Any CPU
		{15D1B8BC-8595-4B04-BD0E-240B192FADCD}.Debug|x86.Build.0 = Debug|Any CPU
		{15D1B8BC-8595-4B04-BD0E-240B192FADCD}.Release|Any CPU.ActiveCfg = Release|Any CPU
		{15D1B8BC-8595-4B04-BD0E-240B192FADCD}.Release|Any CPU.Build.0 = Release|Any CPU
		{15D1B8BC-8595-4B04-BD0E-240B192FADCD}.Release|ARM.ActiveCfg = Release|Any CPU
		{15D1B8BC-8595-4B04-BD0E-240B192FADCD}.Release|ARM.Build.0 = Release|Any CPU
		{15D1B8BC-8595-4B04-BD0E-240B192FADCD}.Release|x64.ActiveCfg = Release|Any CPU
		{15D1B8BC-8595-4B04-BD0E-240B192FADCD}.Release|x64.Build.0 = Release|Any CPU
		{15D1B8BC-8595-4B04-BD0E-240B192FADCD}.Release|x86.ActiveCfg = Release|Any CPU
		{15D1B8BC-8595-4B04-BD0E-240B192FADCD}.Release|x86.Build.0 = Release|Any CPU
		{7EA8153E-D41A-4562-9FF4-0EB2E964AE6C}.Debug|Any CPU.ActiveCfg = Debug|Any CPU
		{7EA8153E-D41A-4562-9FF4-0EB2E964AE6C}.Debug|Any CPU.Build.0 = Debug|Any CPU
		{7EA8153E-D41A-4562-9FF4-0EB2E964AE6C}.Debug|ARM.ActiveCfg = Debug|Any CPU
		{7EA8153E-D41A-4562-9FF4-0EB2E964AE6C}.Debug|ARM.Build.0 = Debug|Any CPU
		{7EA8153E-D41A-4562-9FF4-0EB2E964AE6C}.Debug|x64.ActiveCfg = Debug|Any CPU
		{7EA8153E-D41A-4562-9FF4-0EB2E964AE6C}.Debug|x64.Build.0 = Debug|Any CPU
		{7EA8153E-D41A-4562-9FF4-0EB2E964AE6C}.Debug|x86.ActiveCfg = Debug|Any CPU
		{7EA8153E-D41A-4562-9FF4-0EB2E964AE6C}.Debug|x86.Build.0 = Debug|Any CPU
		{7EA8153E-D41A-4562-9FF4-0EB2E964AE6C}.Release|Any CPU.ActiveCfg = Release|Any CPU
		{7EA8153E-D41A-4562-9FF4-0EB2E964AE6C}.Release|Any CPU.Build.0 = Release|Any CPU
		{7EA8153E-D41A-4562-9FF4-0EB2E964AE6C}.Release|ARM.ActiveCfg = Release|Any CPU
		{7EA8153E-D41A-4562-9FF4-0EB2E964AE6C}.Release|ARM.Build.0 = Release|Any CPU
		{7EA8153E-D41A-4562-9FF4-0EB2E964AE6C}.Release|x64.ActiveCfg = Release|Any CPU
		{7EA8153E-D41A-4562-9FF4-0EB2E964AE6C}.Release|x64.Build.0 = Release|Any CPU
		{7EA8153E-D41A-4562-9FF4-0EB2E964AE6C}.Release|x86.ActiveCfg = Release|Any CPU
		{7EA8153E-D41A-4562-9FF4-0EB2E964AE6C}.Release|x86.Build.0 = Release|Any CPU
		{01ABE4DB-4ABE-4B0E-878B-B42A8C9B6560}.Debug|Any CPU.ActiveCfg = Debug|Any CPU
		{01ABE4DB-4ABE-4B0E-878B-B42A8C9B6560}.Debug|Any CPU.Build.0 = Debug|Any CPU
		{01ABE4DB-4ABE-4B0E-878B-B42A8C9B6560}.Debug|ARM.ActiveCfg = Debug|Any CPU
		{01ABE4DB-4ABE-4B0E-878B-B42A8C9B6560}.Debug|ARM.Build.0 = Debug|Any CPU
		{01ABE4DB-4ABE-4B0E-878B-B42A8C9B6560}.Debug|x64.ActiveCfg = Debug|Any CPU
		{01ABE4DB-4ABE-4B0E-878B-B42A8C9B6560}.Debug|x64.Build.0 = Debug|Any CPU
		{01ABE4DB-4ABE-4B0E-878B-B42A8C9B6560}.Debug|x86.ActiveCfg = Debug|Any CPU
		{01ABE4DB-4ABE-4B0E-878B-B42A8C9B6560}.Debug|x86.Build.0 = Debug|Any CPU
		{01ABE4DB-4ABE-4B0E-878B-B42A8C9B6560}.Release|Any CPU.ActiveCfg = Release|Any CPU
		{01ABE4DB-4ABE-4B0E-878B-B42A8C9B6560}.Release|Any CPU.Build.0 = Release|Any CPU
		{01ABE4DB-4ABE-4B0E-878B-B42A8C9B6560}.Release|ARM.ActiveCfg = Release|Any CPU
		{01ABE4DB-4ABE-4B0E-878B-B42A8C9B6560}.Release|ARM.Build.0 = Release|Any CPU
		{01ABE4DB-4ABE-4B0E-878B-B42A8C9B6560}.Release|x64.ActiveCfg = Release|Any CPU
		{01ABE4DB-4ABE-4B0E-878B-B42A8C9B6560}.Release|x64.Build.0 = Release|Any CPU
		{01ABE4DB-4ABE-4B0E-878B-B42A8C9B6560}.Release|x86.ActiveCfg = Release|Any CPU
		{01ABE4DB-4ABE-4B0E-878B-B42A8C9B6560}.Release|x86.Build.0 = Release|Any CPU
	EndGlobalSection
	GlobalSection(SolutionProperties) = preSolution
		HideSolutionNode = FALSE
	EndGlobalSection
EndGlobal
